// !$*UTF8*$!
{
	archiveVersion = 1;
	classes = {
	};
	objectVersion = 46;
	objects = {

/* Begin PBXAggregateTarget section */
		20D5586930874B19A58C9E4D /* ZERO_CHECK */ = {
			isa = PBXAggregateTarget;
			buildConfigurationList = D110C3A8F31E493993C10194 /* Build configuration list for PBXAggregateTarget "ZERO_CHECK" */;
			buildPhases = (
				02949EDBDE7F440FB4338CCA /* CMake Rules */,
			);
			dependencies = (
			);
			name = ZERO_CHECK;
			productName = ZERO_CHECK;
		};
		98C9A1626CD64AB8B4A283A0 /* ALL_BUILD */ = {
			isa = PBXAggregateTarget;
			buildConfigurationList = 91215735C3304737B8CFFC20 /* Build configuration list for PBXAggregateTarget "ALL_BUILD" */;
			buildPhases = (
				19D6A3F2854D4D10B3F5D058 /* CMake Rules */,
			);
			dependencies = (
				6BA1AF0F4FAA4578A14694C2 /* PBXTargetDependency */,
				B31971D48230422E9A30B247 /* PBXTargetDependency */,
			);
			name = ALL_BUILD;
			productName = ALL_BUILD;
		};
/* End PBXAggregateTarget section */

/* Begin PBXBuildFile section */
		AD5CAA314D4A4CC2B84AD189 /* /Users/edgarsr/Documents/hashmap/CMakeLists.txt */ = {isa = PBXBuildFile; fileRef = 234906943FD44CA6A602D89D /* /Users/edgarsr/Documents/hashmap/CMakeLists.txt */; };
		B4BE2DD60A7F4124BAA70DC3 /* /Users/edgarsr/Documents/hashmap/src/main.cpp */ = {isa = PBXBuildFile; fileRef = 6C3573BD7D324B7A93E6C526 /* /Users/edgarsr/Documents/hashmap/src/main.cpp */; };
/* End PBXBuildFile section */

/* Begin PBXBuildStyle section */
		0175EE936520450AAE9AC767 /* RelWithDebInfo */ = {
			isa = PBXBuildStyle;
			buildSettings = {
				COPY_PHASE_STRIP = NO;
			};
			name = RelWithDebInfo;
		};
		303EDB42AF384382B3938711 /* MinSizeRel */ = {
			isa = PBXBuildStyle;
			buildSettings = {
				COPY_PHASE_STRIP = NO;
			};
			name = MinSizeRel;
		};
		7E40F08EA890469198686321 /* Release */ = {
			isa = PBXBuildStyle;
			buildSettings = {
				COPY_PHASE_STRIP = NO;
			};
			name = Release;
		};
		E3ACFE3ED91C4D77BC54BE4F /* Debug */ = {
			isa = PBXBuildStyle;
			buildSettings = {
				COPY_PHASE_STRIP = NO;
			};
			name = Debug;
		};
/* End PBXBuildStyle section */

/* Begin PBXContainerItemProxy section */
		219E454D646E497CB4B4F3F5 /* PBXContainerItemProxy */ = {
			isa = PBXContainerItemProxy;
			containerPortal = 992ECB72990D416090D28DAE /* Project object */;
			proxyType = 1;
			remoteGlobalIDString = 20D5586930874B19A58C9E4D;
			remoteInfo = ZERO_CHECK;
		};
		7FD34B934CC64C839F74572A /* PBXContainerItemProxy */ = {
			isa = PBXContainerItemProxy;
			containerPortal = 992ECB72990D416090D28DAE /* Project object */;
			proxyType = 1;
			remoteGlobalIDString = 20D5586930874B19A58C9E4D;
			remoteInfo = ZERO_CHECK;
		};
		B5A94254B32B4E0080EE5570 /* PBXContainerItemProxy */ = {
			isa = PBXContainerItemProxy;
			containerPortal = 992ECB72990D416090D28DAE /* Project object */;
			proxyType = 1;
			remoteGlobalIDString = 1C3C2A14DE9C467DB3AF7642;
			remoteInfo = HashMap;
		};
/* End PBXContainerItemProxy section */

/* Begin PBXFileReference section */
		1ED249A7D83F48E68241D47B /* /Users/edgarsr/Documents/hashmap/CMakeLists.txt */ = {isa = PBXFileReference; explicitFileType = sourcecode.text; fileEncoding = 4; name = CMakeLists.txt; path = CMakeLists.txt; sourceTree = SOURCE_ROOT; };
		234906943FD44CA6A602D89D /* /Users/edgarsr/Documents/hashmap/CMakeLists.txt */ = {isa = PBXFileReference; explicitFileType = sourcecode.text; fileEncoding = 4; name = CMakeLists.txt; path = CMakeLists.txt; sourceTree = SOURCE_ROOT; };
		6C3573BD7D324B7A93E6C526 /* /Users/edgarsr/Documents/hashmap/src/main.cpp */ = {isa = PBXFileReference; explicitFileType = sourcecode.cpp.cpp; fileEncoding = 4; name = main.cpp; path = src/main.cpp; sourceTree = SOURCE_ROOT; };
		E55B3CBAF1E246F6A03D6613 /* HashMap */ = {isa = PBXFileReference; explicitFileType = "compiled.mach-o.executable"; path = HashMap; sourceTree = BUILT_PRODUCTS_DIR; };
/* End PBXFileReference section */

/* Begin PBXGroup section */
		1C6FD30F7F7C49EC96225EC2 /* ALL_BUILD */ = {
			isa = PBXGroup;
			children = (
				E110860FDFBB4490B5630A90 /* CMake Rules */,
				1ED249A7D83F48E68241D47B /* /Users/edgarsr/Documents/hashmap/CMakeLists.txt */,
			);
			name = ALL_BUILD;
			sourceTree = "<group>";
		};
		6582B5A97B464AEE9458CC06 /* Source Files */ = {
			isa = PBXGroup;
			children = (
				6C3573BD7D324B7A93E6C526 /* /Users/edgarsr/Documents/hashmap/src/main.cpp */,
			);
			name = "Source Files";
			sourceTree = "<group>";
		};
		7A4F6618C26B45F89C22056A /* HashMap */ = {
			isa = PBXGroup;
			children = (
				6582B5A97B464AEE9458CC06 /* Source Files */,
				234906943FD44CA6A602D89D /* /Users/edgarsr/Documents/hashmap/CMakeLists.txt */,
			);
			name = HashMap;
			sourceTree = "<group>";
		};
		BAF19D694D654118B4183B48 = {
			isa = PBXGroup;
			children = (
				7A4F6618C26B45F89C22056A /* HashMap */,
				1C6FD30F7F7C49EC96225EC2 /* ALL_BUILD */,
				F30FA60C318C48A1B9C9011C /* Products */,
			);
			sourceTree = "<group>";
		};
		E110860FDFBB4490B5630A90 /* CMake Rules */ = {
			isa = PBXGroup;
			children = (
			);
			name = "CMake Rules";
			sourceTree = "<group>";
		};
		F30FA60C318C48A1B9C9011C /* Products */ = {
			isa = PBXGroup;
			children = (
				E55B3CBAF1E246F6A03D6613 /* HashMap */,
			);
			name = Products;
			sourceTree = "<group>";
		};
/* End PBXGroup section */

/* Begin PBXNativeTarget section */
		1C3C2A14DE9C467DB3AF7642 /* HashMap */ = {
			isa = PBXNativeTarget;
			buildConfigurationList = 1841EF15E57E42798A23AA2C /* Build configuration list for PBXNativeTarget "HashMap" */;
			buildPhases = (
				9CB0AB6813E14D6DB8E6B730 /* Sources */,
			);
			buildRules = (
			);
			dependencies = (
				90F3FB5578254E3381EC14AE /* PBXTargetDependency */,
			);
			name = HashMap;
			productName = HashMap;
			productReference = E55B3CBAF1E246F6A03D6613 /* HashMap */;
			productType = "com.apple.product-type.tool";
		};
/* End PBXNativeTarget section */

/* Begin PBXProject section */
		992ECB72990D416090D28DAE /* Project object */ = {
			isa = PBXProject;
			attributes = {
				BuildIndependentTargetsInParallel = YES;
				LastUpgradeCheck = 0820;
			};
			buildConfigurationList = 041A02E146FC42FD89D2F4F5 /* Build configuration list for PBXProject "HashMap" */;
			buildSettings = {
			};
			buildStyles = (
				E3ACFE3ED91C4D77BC54BE4F /* Debug */,
				7E40F08EA890469198686321 /* Release */,
				303EDB42AF384382B3938711 /* MinSizeRel */,
				0175EE936520450AAE9AC767 /* RelWithDebInfo */,
			);
			compatibilityVersion = "Xcode 3.2";
			hasScannedForEncodings = 0;
			mainGroup = BAF19D694D654118B4183B48;
			projectDirPath = ../;
			projectRoot = "";
			targets = (
				98C9A1626CD64AB8B4A283A0 /* ALL_BUILD */,
				1C3C2A14DE9C467DB3AF7642 /* HashMap */,
				20D5586930874B19A58C9E4D /* ZERO_CHECK */,
			);
		};
/* End PBXProject section */

/* Begin PBXShellScriptBuildPhase section */
		02949EDBDE7F440FB4338CCA /* CMake Rules */ = {
			isa = PBXShellScriptBuildPhase;
			buildActionMask = 2147483647;
			files = (
			);
			name = "CMake Rules";
			runOnlyForDeploymentPostprocessing = 0;
			shellPath = /bin/sh;
			shellScript = "make -C /Users/edgarsr/Documents/hashmap/build-xcode -f /Users/edgarsr/Documents/hashmap/build-xcode/CMakeScripts/ZERO_CHECK_cmakeRulesBuildPhase.make$CONFIGURATION OBJDIR=$(basename \"$OBJECT_FILE_DIR_normal\") all";
			showEnvVarsInLog = 0;
		};
		19D6A3F2854D4D10B3F5D058 /* CMake Rules */ = {
			isa = PBXShellScriptBuildPhase;
			buildActionMask = 2147483647;
			files = (
			);
			name = "CMake Rules";
			runOnlyForDeploymentPostprocessing = 0;
			shellPath = /bin/sh;
			shellScript = "make -C /Users/edgarsr/Documents/hashmap/build-xcode -f /Users/edgarsr/Documents/hashmap/build-xcode/CMakeScripts/ALL_BUILD_cmakeRulesBuildPhase.make$CONFIGURATION OBJDIR=$(basename \"$OBJECT_FILE_DIR_normal\") all";
			showEnvVarsInLog = 0;
		};
		6AE070ED75BF4F838E8EAC4A = {
			isa = PBXShellScriptBuildPhase;
			buildActionMask = 2147483647;
			files = (
			);
			inputPaths = (
			);
			outputPaths = (
			);
			runOnlyForDeploymentPostprocessing = 0;
			shellPath = /bin/sh;
			shellScript = "# shell script goes here
exit 0";
			showEnvVarsInLog = 0;
		};
		E6E8447A9354418A8BA623D0 = {
			isa = PBXShellScriptBuildPhase;
			buildActionMask = 2147483647;
			files = (
			);
			inputPaths = (
			);
			outputPaths = (
			);
			runOnlyForDeploymentPostprocessing = 0;
			shellPath = /bin/sh;
			shellScript = "# shell script goes here
exit 0";
			showEnvVarsInLog = 0;
		};
/* End PBXShellScriptBuildPhase section */

/* Begin PBXSourcesBuildPhase section */
		9CB0AB6813E14D6DB8E6B730 /* Sources */ = {
			isa = PBXSourcesBuildPhase;
			buildActionMask = 2147483647;
			files = (
				B4BE2DD60A7F4124BAA70DC3 /* /Users/edgarsr/Documents/hashmap/src/main.cpp */,
			);
			runOnlyForDeploymentPostprocessing = 0;
		};
/* End PBXSourcesBuildPhase section */

/* Begin PBXTargetDependency section */
		6BA1AF0F4FAA4578A14694C2 /* PBXTargetDependency */ = {
			isa = PBXTargetDependency;
			target = 1C3C2A14DE9C467DB3AF7642 /* HashMap */;
			targetProxy = B5A94254B32B4E0080EE5570 /* PBXContainerItemProxy */;
		};
		90F3FB5578254E3381EC14AE /* PBXTargetDependency */ = {
			isa = PBXTargetDependency;
			target = 20D5586930874B19A58C9E4D /* ZERO_CHECK */;
			targetProxy = 219E454D646E497CB4B4F3F5 /* PBXContainerItemProxy */;
		};
		B31971D48230422E9A30B247 /* PBXTargetDependency */ = {
			isa = PBXTargetDependency;
			target = 20D5586930874B19A58C9E4D /* ZERO_CHECK */;
			targetProxy = 7FD34B934CC64C839F74572A /* PBXContainerItemProxy */;
		};
/* End PBXTargetDependency section */

/* Begin XCBuildConfiguration section */
		238F693DEDC74FCDA2526797 /* RelWithDebInfo */ = {
			isa = XCBuildConfiguration;
			buildSettings = {
				COMBINE_HIDPI_IMAGES = YES;
				GCC_GENERATE_DEBUGGING_SYMBOLS = YES;
				GCC_INLINES_ARE_PRIVATE_EXTERN = NO;
				GCC_OPTIMIZATION_LEVEL = 0;
				GCC_PREPROCESSOR_DEFINITIONS = ("'CMAKE_INTDIR=\"$(CONFIGURATION)$(EFFECTIVE_PLATFORM_NAME)\"'");
				GCC_SYMBOLS_PRIVATE_EXTERN = NO;
				INSTALL_PATH = "";
				OTHER_LDFLAGS = " ";
				OTHER_REZFLAGS = "";
				PRODUCT_NAME = ALL_BUILD;
				SECTORDER_FLAGS = "";
				SYMROOT = "/Users/edgarsr/Documents/hashmap/build-xcode";
				USE_HEADERMAP = NO;
				WARNING_CFLAGS = ("-Wmost","-Wno-four-char-constants","-Wno-unknown-pragmas","$(inherited)");
			};
			name = RelWithDebInfo;
		};
		3DEFEE6DE6E34F0C8DAA2C46 /* MinSizeRel */ = {
			isa = XCBuildConfiguration;
			buildSettings = {
				MACOSX_DEPLOYMENT_TARGET = 10.11;
				ONLY_ACTIVE_ARCH = YES;
				SDKROOT = /Applications/Xcode.app/Contents/Developer/Platforms/MacOSX.platform/Developer/SDKs/MacOSX10.12.sdk;
				SYMROOT = "/Users/edgarsr/Documents/hashmap/build-xcode/build";
			};
			name = MinSizeRel;
		};
		4DF0B35D931546FBB517A705 /* RelWithDebInfo */ = {
			isa = XCBuildConfiguration;
			buildSettings = {
				COMBINE_HIDPI_IMAGES = YES;
				EXECUTABLE_PREFIX = "";
				EXECUTABLE_SUFFIX = "";
				GCC_GENERATE_DEBUGGING_SYMBOLS = YES;
				GCC_INLINES_ARE_PRIVATE_EXTERN = NO;
				GCC_OPTIMIZATION_LEVEL = 2;
				GCC_PREPROCESSOR_DEFINITIONS = ("'CMAKE_INTDIR=\"$(CONFIGURATION)$(EFFECTIVE_PLATFORM_NAME)\"'");
				GCC_SYMBOLS_PRIVATE_EXTERN = NO;
				HEADER_SEARCH_PATHS = (/Users/edgarsr/Documents/hashmap/include);
				INSTALL_PATH = "";
				LIBRARY_SEARCH_PATHS = "";
				OTHER_CPLUSPLUSFLAGS = "       -DNDEBUG -I/Users/edgarsr/Documents/hashmap/include   ";
				OTHER_LDFLAGS = " -Wl,-search_paths_first -Wl,-headerpad_max_install_names  ";
				OTHER_REZFLAGS = "";
				PRODUCT_NAME = HashMap;
				SECTORDER_FLAGS = "";
				SYMROOT = "/Users/edgarsr/Documents/hashmap/build-xcode";
				USE_HEADERMAP = NO;
				WARNING_CFLAGS = ("-Wmost","-Wno-four-char-constants","-Wno-unknown-pragmas","$(inherited)");
			};
			name = RelWithDebInfo;
		};
		73AC961AB5E84C569AF2404B /* Release */ = {
			isa = XCBuildConfiguration;
			buildSettings = {
				COMBINE_HIDPI_IMAGES = YES;
				GCC_GENERATE_DEBUGGING_SYMBOLS = YES;
				GCC_INLINES_ARE_PRIVATE_EXTERN = NO;
				GCC_OPTIMIZATION_LEVEL = 0;
				GCC_PREPROCESSOR_DEFINITIONS = ("'CMAKE_INTDIR=\"$(CONFIGURATION)$(EFFECTIVE_PLATFORM_NAME)\"'");
				GCC_SYMBOLS_PRIVATE_EXTERN = NO;
				INSTALL_PATH = "";
				OTHER_LDFLAGS = " ";
				OTHER_REZFLAGS = "";
				PRODUCT_NAME = ALL_BUILD;
				SECTORDER_FLAGS = "";
				SYMROOT = "/Users/edgarsr/Documents/hashmap/build-xcode";
				USE_HEADERMAP = NO;
				WARNING_CFLAGS = ("-Wmost","-Wno-four-char-constants","-Wno-unknown-pragmas","$(inherited)");
			};
			name = Release;
		};
		7640A94B0B16403298B2F402 /* Release */ = {
			isa = XCBuildConfiguration;
			buildSettings = {
				COMBINE_HIDPI_IMAGES = YES;
				GCC_GENERATE_DEBUGGING_SYMBOLS = YES;
				GCC_INLINES_ARE_PRIVATE_EXTERN = NO;
				GCC_OPTIMIZATION_LEVEL = 0;
				GCC_PREPROCESSOR_DEFINITIONS = ("'CMAKE_INTDIR=\"$(CONFIGURATION)$(EFFECTIVE_PLATFORM_NAME)\"'");
				GCC_SYMBOLS_PRIVATE_EXTERN = NO;
				INSTALL_PATH = "";
				OTHER_LDFLAGS = " ";
				OTHER_REZFLAGS = "";
				PRODUCT_NAME = ZERO_CHECK;
				SECTORDER_FLAGS = "";
				SYMROOT = "/Users/edgarsr/Documents/hashmap/build-xcode";
				USE_HEADERMAP = NO;
				WARNING_CFLAGS = ("-Wmost","-Wno-four-char-constants","-Wno-unknown-pragmas","$(inherited)");
			};
			name = Release;
		};
		78E82621AE5F4F7697D5DDD9 /* RelWithDebInfo */ = {
			isa = XCBuildConfiguration;
			buildSettings = {
				COMBINE_HIDPI_IMAGES = YES;
				GCC_GENERATE_DEBUGGING_SYMBOLS = YES;
				GCC_INLINES_ARE_PRIVATE_EXTERN = NO;
				GCC_OPTIMIZATION_LEVEL = 0;
				GCC_PREPROCESSOR_DEFINITIONS = ("'CMAKE_INTDIR=\"$(CONFIGURATION)$(EFFECTIVE_PLATFORM_NAME)\"'");
				GCC_SYMBOLS_PRIVATE_EXTERN = NO;
				INSTALL_PATH = "";
				OTHER_LDFLAGS = " ";
				OTHER_REZFLAGS = "";
				PRODUCT_NAME = ZERO_CHECK;
				SECTORDER_FLAGS = "";
				SYMROOT = "/Users/edgarsr/Documents/hashmap/build-xcode";
				USE_HEADERMAP = NO;
				WARNING_CFLAGS = ("-Wmost","-Wno-four-char-constants","-Wno-unknown-pragmas","$(inherited)");
			};
			name = RelWithDebInfo;
		};
		7A040924F19249069809C8C7 /* MinSizeRel */ = {
			isa = XCBuildConfiguration;
			buildSettings = {
				COMBINE_HIDPI_IMAGES = YES;
				GCC_GENERATE_DEBUGGING_SYMBOLS = YES;
				GCC_INLINES_ARE_PRIVATE_EXTERN = NO;
				GCC_OPTIMIZATION_LEVEL = 0;
				GCC_PREPROCESSOR_DEFINITIONS = ("'CMAKE_INTDIR=\"$(CONFIGURATION)$(EFFECTIVE_PLATFORM_NAME)\"'");
				GCC_SYMBOLS_PRIVATE_EXTERN = NO;
				INSTALL_PATH = "";
				OTHER_LDFLAGS = " ";
				OTHER_REZFLAGS = "";
				PRODUCT_NAME = ALL_BUILD;
				SECTORDER_FLAGS = "";
				SYMROOT = "/Users/edgarsr/Documents/hashmap/build-xcode";
				USE_HEADERMAP = NO;
				WARNING_CFLAGS = ("-Wmost","-Wno-four-char-constants","-Wno-unknown-pragmas","$(inherited)");
			};
			name = MinSizeRel;
		};
		83377119B7DA4FB58527B8B3 /* Debug */ = {
			isa = XCBuildConfiguration;
			buildSettings = {
				COMBINE_HIDPI_IMAGES = YES;
				EXECUTABLE_PREFIX = "";
				EXECUTABLE_SUFFIX = "";
				GCC_GENERATE_DEBUGGING_SYMBOLS = YES;
				GCC_INLINES_ARE_PRIVATE_EXTERN = NO;
				GCC_OPTIMIZATION_LEVEL = 0;
				GCC_PREPROCESSOR_DEFINITIONS = ("'CMAKE_INTDIR=\"$(CONFIGURATION)$(EFFECTIVE_PLATFORM_NAME)\"'");
				GCC_SYMBOLS_PRIVATE_EXTERN = NO;
				HEADER_SEARCH_PATHS = (/Users/edgarsr/Documents/hashmap/include);
				INSTALL_PATH = "";
				LIBRARY_SEARCH_PATHS = "";
				OTHER_CPLUSPLUSFLAGS = "   -I/Users/edgarsr/Documents/hashmap/include   ";
				OTHER_LDFLAGS = " -Wl,-search_paths_first -Wl,-headerpad_max_install_names  ";
				OTHER_REZFLAGS = "";
				PRODUCT_NAME = HashMap;
				SECTORDER_FLAGS = "";
				SYMROOT = "/Users/edgarsr/Documents/hashmap/build-xcode";
				USE_HEADERMAP = NO;
				WARNING_CFLAGS = ("-Wmost","-Wno-four-char-constants","-Wno-unknown-pragmas","$(inherited)");
			};
			name = Debug;
		};
		A097BFFC40E94423A6C00695 /* MinSizeRel */ = {
			isa = XCBuildConfiguration;
			buildSettings = {
				COMBINE_HIDPI_IMAGES = YES;
				GCC_GENERATE_DEBUGGING_SYMBOLS = YES;
				GCC_INLINES_ARE_PRIVATE_EXTERN = NO;
				GCC_OPTIMIZATION_LEVEL = 0;
				GCC_PREPROCESSOR_DEFINITIONS = ("'CMAKE_INTDIR=\"$(CONFIGURATION)$(EFFECTIVE_PLATFORM_NAME)\"'");
				GCC_SYMBOLS_PRIVATE_EXTERN = NO;
				INSTALL_PATH = "";
				OTHER_LDFLAGS = " ";
				OTHER_REZFLAGS = "";
				PRODUCT_NAME = ZERO_CHECK;
				SECTORDER_FLAGS = "";
				SYMROOT = "/Users/edgarsr/Documents/hashmap/build-xcode";
				USE_HEADERMAP = NO;
				WARNING_CFLAGS = ("-Wmost","-Wno-four-char-constants","-Wno-unknown-pragmas","$(inherited)");
			};
			name = MinSizeRel;
		};
		B678B42ABE6346FD9D67944B /* Release */ = {
			isa = XCBuildConfiguration;
			buildSettings = {
				MACOSX_DEPLOYMENT_TARGET = 10.11;
				ONLY_ACTIVE_ARCH = YES;
				SDKROOT = /Applications/Xcode.app/Contents/Developer/Platforms/MacOSX.platform/Developer/SDKs/MacOSX10.12.sdk;
				SYMROOT = "/Users/edgarsr/Documents/hashmap/build-xcode/build";
			};
			name = Release;
		};
		BBBFF220BEE04B1F84020405 /* Debug */ = {
			isa = XCBuildConfiguration;
			buildSettings = {
				COMBINE_HIDPI_IMAGES = YES;
				GCC_GENERATE_DEBUGGING_SYMBOLS = YES;
				GCC_INLINES_ARE_PRIVATE_EXTERN = NO;
				GCC_OPTIMIZATION_LEVEL = 0;
				GCC_PREPROCESSOR_DEFINITIONS = ("'CMAKE_INTDIR=\"$(CONFIGURATION)$(EFFECTIVE_PLATFORM_NAME)\"'");
				GCC_SYMBOLS_PRIVATE_EXTERN = NO;
				INSTALL_PATH = "";
				OTHER_LDFLAGS = " ";
				OTHER_REZFLAGS = "";
				PRODUCT_NAME = ZERO_CHECK;
				SECTORDER_FLAGS = "";
				SYMROOT = "/Users/edgarsr/Documents/hashmap/build-xcode";
				USE_HEADERMAP = NO;
				WARNING_CFLAGS = ("-Wmost","-Wno-four-char-constants","-Wno-unknown-pragmas","$(inherited)");
			};
			name = Debug;
		};
		BD7EDAD0A67041FB89808AA3 /* Release */ = {
			isa = XCBuildConfiguration;
			buildSettings = {
				COMBINE_HIDPI_IMAGES = YES;
				EXECUTABLE_PREFIX = "";
				EXECUTABLE_SUFFIX = "";
				GCC_GENERATE_DEBUGGING_SYMBOLS = NO;
				GCC_INLINES_ARE_PRIVATE_EXTERN = NO;
				GCC_OPTIMIZATION_LEVEL = 3;
				GCC_PREPROCESSOR_DEFINITIONS = ("'CMAKE_INTDIR=\"$(CONFIGURATION)$(EFFECTIVE_PLATFORM_NAME)\"'");
				GCC_SYMBOLS_PRIVATE_EXTERN = NO;
				HEADER_SEARCH_PATHS = (/Users/edgarsr/Documents/hashmap/include);
				INSTALL_PATH = "";
				LIBRARY_SEARCH_PATHS = "";
				OTHER_CPLUSPLUSFLAGS = "    -DNDEBUG -I/Users/edgarsr/Documents/hashmap/include   ";
				OTHER_LDFLAGS = " -Wl,-search_paths_first -Wl,-headerpad_max_install_names  ";
				OTHER_REZFLAGS = "";
				PRODUCT_NAME = HashMap;
				SECTORDER_FLAGS = "";
				SYMROOT = "/Users/edgarsr/Documents/hashmap/build-xcode";
				USE_HEADERMAP = NO;
				WARNING_CFLAGS = ("-Wmost","-Wno-four-char-constants","-Wno-unknown-pragmas","$(inherited)");
			};
			name = Release;
		};
		BF84E0D8A0F344E1A1547E7E /* RelWithDebInfo */ = {
			isa = XCBuildConfiguration;
			buildSettings = {
				MACOSX_DEPLOYMENT_TARGET = 10.11;
				ONLY_ACTIVE_ARCH = YES;
				SDKROOT = /Applications/Xcode.app/Contents/Developer/Platforms/MacOSX.platform/Developer/SDKs/MacOSX10.12.sdk;
				SYMROOT = "/Users/edgarsr/Documents/hashmap/build-xcode/build";
			};
			name = RelWithDebInfo;
		};
		C4E37F18F5C7468EB5EA0C7A /* MinSizeRel */ = {
			isa = XCBuildConfiguration;
			buildSettings = {
				COMBINE_HIDPI_IMAGES = YES;
				EXECUTABLE_PREFIX = "";
				EXECUTABLE_SUFFIX = "";
				GCC_GENERATE_DEBUGGING_SYMBOLS = NO;
				GCC_INLINES_ARE_PRIVATE_EXTERN = NO;
				GCC_OPTIMIZATION_LEVEL = s;
				GCC_PREPROCESSOR_DEFINITIONS = ("'CMAKE_INTDIR=\"$(CONFIGURATION)$(EFFECTIVE_PLATFORM_NAME)\"'");
				GCC_SYMBOLS_PRIVATE_EXTERN = NO;
				HEADER_SEARCH_PATHS = (/Users/edgarsr/Documents/hashmap/include);
				INSTALL_PATH = "";
				LIBRARY_SEARCH_PATHS = "";
				OTHER_CPLUSPLUSFLAGS = "    -DNDEBUG -I/Users/edgarsr/Documents/hashmap/include   ";
				OTHER_LDFLAGS = " -Wl,-search_paths_first -Wl,-headerpad_max_install_names  ";
				OTHER_REZFLAGS = "";
				PRODUCT_NAME = HashMap;
				SECTORDER_FLAGS = "";
				SYMROOT = "/Users/edgarsr/Documents/hashmap/build-xcode";
				USE_HEADERMAP = NO;
				WARNING_CFLAGS = ("-Wmost","-Wno-four-char-constants","-Wno-unknown-pragmas","$(inherited)");
			};
			name = MinSizeRel;
		};
		CA7551F05E814F2E898BE604 /* Debug */ = {
			isa = XCBuildConfiguration;
			buildSettings = {
				MACOSX_DEPLOYMENT_TARGET = 10.11;
				ONLY_ACTIVE_ARCH = YES;
				SDKROOT = /Applications/Xcode.app/Contents/Developer/Platforms/MacOSX.platform/Developer/SDKs/MacOSX10.12.sdk;
				SYMROOT = "/Users/edgarsr/Documents/hashmap/build-xcode/build";
			};
			name = Debug;
		};
		FE217382602A4E4285F36978 /* Debug */ = {
			isa = XCBuildConfiguration;
			buildSettings = {
				COMBINE_HIDPI_IMAGES = YES;
				GCC_GENERATE_DEBUGGING_SYMBOLS = YES;
				GCC_INLINES_ARE_PRIVATE_EXTERN = NO;
				GCC_OPTIMIZATION_LEVEL = 0;
				GCC_PREPROCESSOR_DEFINITIONS = ("'CMAKE_INTDIR=\"$(CONFIGURATION)$(EFFECTIVE_PLATFORM_NAME)\"'");
				GCC_SYMBOLS_PRIVATE_EXTERN = NO;
				INSTALL_PATH = "";
				OTHER_LDFLAGS = " ";
				OTHER_REZFLAGS = "";
				PRODUCT_NAME = ALL_BUILD;
				SECTORDER_FLAGS = "";
				SYMROOT = "/Users/edgarsr/Documents/hashmap/build-xcode";
				USE_HEADERMAP = NO;
				WARNING_CFLAGS = ("-Wmost","-Wno-four-char-constants","-Wno-unknown-pragmas","$(inherited)");
			};
			name = Debug;
		};
/* End XCBuildConfiguration section */

/* Begin XCConfigurationList section */
		041A02E146FC42FD89D2F4F5 /* Build configuration list for PBXProject "HashMap" */ = {
			isa = XCConfigurationList;
			buildConfigurations = (
				CA7551F05E814F2E898BE604 /* Debug */,
				B678B42ABE6346FD9D67944B /* Release */,
				3DEFEE6DE6E34F0C8DAA2C46 /* MinSizeRel */,
				BF84E0D8A0F344E1A1547E7E /* RelWithDebInfo */,
			);
			defaultConfigurationIsVisible = 0;
			defaultConfigurationName = Debug;
		};
		1841EF15E57E42798A23AA2C /* Build configuration list for PBXNativeTarget "HashMap" */ = {
			isa = XCConfigurationList;
			buildConfigurations = (
				83377119B7DA4FB58527B8B3 /* Debug */,
				BD7EDAD0A67041FB89808AA3 /* Release */,
				C4E37F18F5C7468EB5EA0C7A /* MinSizeRel */,
				4DF0B35D931546FBB517A705 /* RelWithDebInfo */,
			);
			defaultConfigurationIsVisible = 0;
			defaultConfigurationName = Debug;
		};
		91215735C3304737B8CFFC20 /* Build configuration list for PBXAggregateTarget "ALL_BUILD" */ = {
			isa = XCConfigurationList;
			buildConfigurations = (
				FE217382602A4E4285F36978 /* Debug */,
				73AC961AB5E84C569AF2404B /* Release */,
				7A040924F19249069809C8C7 /* MinSizeRel */,
				238F693DEDC74FCDA2526797 /* RelWithDebInfo */,
			);
			defaultConfigurationIsVisible = 0;
			defaultConfigurationName = Debug;
		};
		D110C3A8F31E493993C10194 /* Build configuration list for PBXAggregateTarget "ZERO_CHECK" */ = {
			isa = XCConfigurationList;
			buildConfigurations = (
				BBBFF220BEE04B1F84020405 /* Debug */,
				7640A94B0B16403298B2F402 /* Release */,
				A097BFFC40E94423A6C00695 /* MinSizeRel */,
				78E82621AE5F4F7697D5DDD9 /* RelWithDebInfo */,
			);
			defaultConfigurationIsVisible = 0;
			defaultConfigurationName = Debug;
		};
/* End XCConfigurationList section */
	};
	rootObject = 992ECB72990D416090D28DAE /* Project object */;
}
